// !$*UTF8*$!
{
	archiveVersion = 1;
	classes = {
	};
	objectVersion = 56;
	objects = {

/* Begin PBXBuildFile section */
		8017B72F29BAABBC0062AB66 /* pennyearnedApp.swift in Sources */ = {isa = PBXBuildFile; fileRef = 8017B72E29BAABBC0062AB66 /* pennyearnedApp.swift */; };
		8017B73129BAABBC0062AB66 /* ContentView.swift in Sources */ = {isa = PBXBuildFile; fileRef = 8017B73029BAABBC0062AB66 /* ContentView.swift */; };
		8017B73329BAABBD0062AB66 /* Assets.xcassets in Resources */ = {isa = PBXBuildFile; fileRef = 8017B73229BAABBD0062AB66 /* Assets.xcassets */; };
		8017B73629BAABBD0062AB66 /* Preview Assets.xcassets in Resources */ = {isa = PBXBuildFile; fileRef = 8017B73529BAABBD0062AB66 /* Preview Assets.xcassets */; };
		8017B74029BAABBD0062AB66 /* pennyearnedTests.swift in Sources */ = {isa = PBXBuildFile; fileRef = 8017B73F29BAABBD0062AB66 /* pennyearnedTests.swift */; };
		8017B74A29BAABBD0062AB66 /* pennyearnedUITests.swift in Sources */ = {isa = PBXBuildFile; fileRef = 8017B74929BAABBD0062AB66 /* pennyearnedUITests.swift */; };
		8017B74C29BAABBD0062AB66 /* pennyearnedUITestsLaunchTests.swift in Sources */ = {isa = PBXBuildFile; fileRef = 8017B74B29BAABBD0062AB66 /* pennyearnedUITestsLaunchTests.swift */; };
		8027026629EB0A5F0070EE7A /* KeychainAccess in Frameworks */ = {isa = PBXBuildFile; productRef = 8027026529EB0A5F0070EE7A /* KeychainAccess */; };
		8027026829EB14410070EE7A /* MainPage.swift in Sources */ = {isa = PBXBuildFile; fileRef = 8027026729EB14410070EE7A /* MainPage.swift */; };
		8027026A29EB4F1C0070EE7A /* expenses.swift in Sources */ = {isa = PBXBuildFile; fileRef = 8027026929EB4F1C0070EE7A /* expenses.swift */; };
		803A1C1E29BE9784007D92C5 /* BeginningPage.swift in Sources */ = {isa = PBXBuildFile; fileRef = 803A1C1D29BE9784007D92C5 /* BeginningPage.swift */; };
		803A1C2029BE9AF4007D92C5 /* signup.swift in Sources */ = {isa = PBXBuildFile; fileRef = 803A1C1F29BE9AF4007D92C5 /* signup.swift */; };
		803A1C2429BE9CC0007D92C5 /* SignUpFirst.swift in Sources */ = {isa = PBXBuildFile; fileRef = 803A1C2329BE9CC0007D92C5 /* SignUpFirst.swift */; };
		803A1C2629BE9CFE007D92C5 /* SignInPage.swift in Sources */ = {isa = PBXBuildFile; fileRef = 803A1C2529BE9CFE007D92C5 /* SignInPage.swift */; };
		803A1C2829BEA198007D92C5 /* FormInputField.swift in Sources */ = {isa = PBXBuildFile; fileRef = 803A1C2729BEA198007D92C5 /* FormInputField.swift */; };
		803A1C2A29BEA9C3007D92C5 /* GoToButton.swift in Sources */ = {isa = PBXBuildFile; fileRef = 803A1C2929BEA9C3007D92C5 /* GoToButton.swift */; };
		803A1C3A29BEACBF007D92C5 /* SignUpSecond.swift in Sources */ = {isa = PBXBuildFile; fileRef = 803A1C3929BEACBF007D92C5 /* SignUpSecond.swift */; };
		803A1C3D29BECCB3007D92C5 /* ValidateFields.swift in Sources */ = {isa = PBXBuildFile; fileRef = 803A1C3C29BECCB3007D92C5 /* ValidateFields.swift */; };
		803A1C4029BFFE67007D92C5 /* FeatureCell.swift in Sources */ = {isa = PBXBuildFile; fileRef = 803A1C3F29BFFE67007D92C5 /* FeatureCell.swift */; };
		805016D829EB00BD005935D5 /* signin.swift in Sources */ = {isa = PBXBuildFile; fileRef = 805016D729EB00BD005935D5 /* signin.swift */; };
		8073BB8329BABA3800B29710 /* globals.swift in Sources */ = {isa = PBXBuildFile; fileRef = 8073BB8229BABA3800B29710 /* globals.swift */; };
		807D978229ECA30B00CF077B /* Launch Screen.storyboard in Resources */ = {isa = PBXBuildFile; fileRef = 807D978129ECA30B00CF077B /* Launch Screen.storyboard */; };
		8082DE6B29E772A4004C6616 /* FinishSignUp.swift in Sources */ = {isa = PBXBuildFile; fileRef = 8082DE6A29E772A4004C6616 /* FinishSignUp.swift */; };
/* End PBXBuildFile section */

/* Begin PBXContainerItemProxy section */
		8017B73C29BAABBD0062AB66 /* PBXContainerItemProxy */ = {
			isa = PBXContainerItemProxy;
			containerPortal = 8017B72329BAABBC0062AB66 /* Project object */;
			proxyType = 1;
			remoteGlobalIDString = 8017B72A29BAABBC0062AB66;
			remoteInfo = pennyearned;
		};
		8017B74629BAABBD0062AB66 /* PBXContainerItemProxy */ = {
			isa = PBXContainerItemProxy;
			containerPortal = 8017B72329BAABBC0062AB66 /* Project object */;
			proxyType = 1;
			remoteGlobalIDString = 8017B72A29BAABBC0062AB66;
			remoteInfo = pennyearned;
		};
/* End PBXContainerItemProxy section */

/* Begin PBXFileReference section */
		8017B72B29BAABBC0062AB66 /* pennyearned.app */ = {isa = PBXFileReference; explicitFileType = wrapper.application; includeInIndex = 0; path = pennyearned.app; sourceTree = BUILT_PRODUCTS_DIR; };
		8017B72E29BAABBC0062AB66 /* pennyearnedApp.swift */ = {isa = PBXFileReference; lastKnownFileType = sourcecode.swift; path = pennyearnedApp.swift; sourceTree = "<group>"; };
		8017B73029BAABBC0062AB66 /* ContentView.swift */ = {isa = PBXFileReference; lastKnownFileType = sourcecode.swift; path = ContentView.swift; sourceTree = "<group>"; };
		8017B73229BAABBD0062AB66 /* Assets.xcassets */ = {isa = PBXFileReference; lastKnownFileType = folder.assetcatalog; path = Assets.xcassets; sourceTree = "<group>"; };
		8017B73529BAABBD0062AB66 /* Preview Assets.xcassets */ = {isa = PBXFileReference; lastKnownFileType = folder.assetcatalog; path = "Preview Assets.xcassets"; sourceTree = "<group>"; };
		8017B73B29BAABBD0062AB66 /* pennyearnedTests.xctest */ = {isa = PBXFileReference; explicitFileType = wrapper.cfbundle; includeInIndex = 0; path = pennyearnedTests.xctest; sourceTree = BUILT_PRODUCTS_DIR; };
		8017B73F29BAABBD0062AB66 /* pennyearnedTests.swift */ = {isa = PBXFileReference; lastKnownFileType = sourcecode.swift; path = pennyearnedTests.swift; sourceTree = "<group>"; };
		8017B74529BAABBD0062AB66 /* pennyearnedUITests.xctest */ = {isa = PBXFileReference; explicitFileType = wrapper.cfbundle; includeInIndex = 0; path = pennyearnedUITests.xctest; sourceTree = BUILT_PRODUCTS_DIR; };
		8017B74929BAABBD0062AB66 /* pennyearnedUITests.swift */ = {isa = PBXFileReference; lastKnownFileType = sourcecode.swift; path = pennyearnedUITests.swift; sourceTree = "<group>"; };
		8017B74B29BAABBD0062AB66 /* pennyearnedUITestsLaunchTests.swift */ = {isa = PBXFileReference; lastKnownFileType = sourcecode.swift; path = pennyearnedUITestsLaunchTests.swift; sourceTree = "<group>"; };
		8027026729EB14410070EE7A /* MainPage.swift */ = {isa = PBXFileReference; lastKnownFileType = sourcecode.swift; path = MainPage.swift; sourceTree = "<group>"; };
		8027026929EB4F1C0070EE7A /* expenses.swift */ = {isa = PBXFileReference; lastKnownFileType = sourcecode.swift; path = expenses.swift; sourceTree = "<group>"; };
		803A1C1D29BE9784007D92C5 /* BeginningPage.swift */ = {isa = PBXFileReference; lastKnownFileType = sourcecode.swift; path = BeginningPage.swift; sourceTree = "<group>"; };
		803A1C1F29BE9AF4007D92C5 /* signup.swift */ = {isa = PBXFileReference; lastKnownFileType = sourcecode.swift; path = signup.swift; sourceTree = "<group>"; };
		803A1C2329BE9CC0007D92C5 /* SignUpFirst.swift */ = {isa = PBXFileReference; lastKnownFileType = sourcecode.swift; path = SignUpFirst.swift; sourceTree = "<group>"; };
		803A1C2529BE9CFE007D92C5 /* SignInPage.swift */ = {isa = PBXFileReference; lastKnownFileType = sourcecode.swift; path = SignInPage.swift; sourceTree = "<group>"; };
		803A1C2729BEA198007D92C5 /* FormInputField.swift */ = {isa = PBXFileReference; lastKnownFileType = sourcecode.swift; path = FormInputField.swift; sourceTree = "<group>"; };
		803A1C2929BEA9C3007D92C5 /* GoToButton.swift */ = {isa = PBXFileReference; lastKnownFileType = sourcecode.swift; path = GoToButton.swift; sourceTree = "<group>"; };
		803A1C3929BEACBF007D92C5 /* SignUpSecond.swift */ = {isa = PBXFileReference; lastKnownFileType = sourcecode.swift; path = SignUpSecond.swift; sourceTree = "<group>"; };
		803A1C3C29BECCB3007D92C5 /* ValidateFields.swift */ = {isa = PBXFileReference; lastKnownFileType = sourcecode.swift; path = ValidateFields.swift; sourceTree = "<group>"; };
		803A1C3F29BFFE67007D92C5 /* FeatureCell.swift */ = {isa = PBXFileReference; lastKnownFileType = sourcecode.swift; path = FeatureCell.swift; sourceTree = "<group>"; };
		805016D729EB00BD005935D5 /* signin.swift */ = {isa = PBXFileReference; lastKnownFileType = sourcecode.swift; path = signin.swift; sourceTree = "<group>"; };
		8073BB8229BABA3800B29710 /* globals.swift */ = {isa = PBXFileReference; lastKnownFileType = sourcecode.swift; path = globals.swift; sourceTree = "<group>"; };
		807D978129ECA30B00CF077B /* Launch Screen.storyboard */ = {isa = PBXFileReference; lastKnownFileType = file.storyboard; path = "Launch Screen.storyboard"; sourceTree = "<group>"; };
		8082DE6A29E772A4004C6616 /* FinishSignUp.swift */ = {isa = PBXFileReference; lastKnownFileType = sourcecode.swift; path = FinishSignUp.swift; sourceTree = "<group>"; };
/* End PBXFileReference section */

/* Begin PBXFrameworksBuildPhase section */
		8017B72829BAABBC0062AB66 /* Frameworks */ = {
			isa = PBXFrameworksBuildPhase;
			buildActionMask = 2147483647;
			files = (
				8027026629EB0A5F0070EE7A /* KeychainAccess in Frameworks */,
			);
			runOnlyForDeploymentPostprocessing = 0;
		};
		8017B73829BAABBD0062AB66 /* Frameworks */ = {
			isa = PBXFrameworksBuildPhase;
			buildActionMask = 2147483647;
			files = (
			);
			runOnlyForDeploymentPostprocessing = 0;
		};
		8017B74229BAABBD0062AB66 /* Frameworks */ = {
			isa = PBXFrameworksBuildPhase;
			buildActionMask = 2147483647;
			files = (
			);
			runOnlyForDeploymentPostprocessing = 0;
		};
/* End PBXFrameworksBuildPhase section */

/* Begin PBXGroup section */
		8017B72229BAABBC0062AB66 = {
			isa = PBXGroup;
			children = (
				807D978129ECA30B00CF077B /* Launch Screen.storyboard */,
				8017B72D29BAABBC0062AB66 /* pennyearned */,
				8017B73E29BAABBD0062AB66 /* pennyearnedTests */,
				8017B74829BAABBD0062AB66 /* pennyearnedUITests */,
				8017B72C29BAABBC0062AB66 /* Products */,
			);
			sourceTree = "<group>";
		};
		8017B72C29BAABBC0062AB66 /* Products */ = {
			isa = PBXGroup;
			children = (
				8017B72B29BAABBC0062AB66 /* pennyearned.app */,
				8017B73B29BAABBD0062AB66 /* pennyearnedTests.xctest */,
				8017B74529BAABBD0062AB66 /* pennyearnedUITests.xctest */,
			);
			name = Products;
			sourceTree = "<group>";
		};
		8017B72D29BAABBC0062AB66 /* pennyearned */ = {
			isa = PBXGroup;
			children = (
				8017B72E29BAABBC0062AB66 /* pennyearnedApp.swift */,
				8017B73029BAABBC0062AB66 /* ContentView.swift */,
				805016D729EB00BD005935D5 /* signin.swift */,
				803A1C2F29BEAAD1007D92C5 /* Pages */,
				803A1C2B29BEAA12007D92C5 /* Components */,
				803A1C3429BEABF3007D92C5 /* Globals */,
				8017B73229BAABBD0062AB66 /* Assets.xcassets */,
				8017B73429BAABBD0062AB66 /* Preview Content */,
			);
			path = pennyearned;
			sourceTree = "<group>";
		};
		8017B73429BAABBD0062AB66 /* Preview Content */ = {
			isa = PBXGroup;
			children = (
				8017B73529BAABBD0062AB66 /* Preview Assets.xcassets */,
			);
			path = "Preview Content";
			sourceTree = "<group>";
		};
		8017B73E29BAABBD0062AB66 /* pennyearnedTests */ = {
			isa = PBXGroup;
			children = (
				8017B73F29BAABBD0062AB66 /* pennyearnedTests.swift */,
			);
			path = pennyearnedTests;
			sourceTree = "<group>";
		};
		8017B74829BAABBD0062AB66 /* pennyearnedUITests */ = {
			isa = PBXGroup;
			children = (
				8017B74929BAABBD0062AB66 /* pennyearnedUITests.swift */,
				8017B74B29BAABBD0062AB66 /* pennyearnedUITestsLaunchTests.swift */,
			);
			path = pennyearnedUITests;
			sourceTree = "<group>";
		};
		803A1C2B29BEAA12007D92C5 /* Components */ = {
			isa = PBXGroup;
			children = (
				803A1C3E29BFFE59007D92C5 /* Elements */,
				803A1C3629BEAC49007D92C5 /* Buttons */,
				803A1C3529BEAC42007D92C5 /* Inputs */,
			);
			path = Components;
			sourceTree = "<group>";
		};
		803A1C2F29BEAAD1007D92C5 /* Pages */ = {
			isa = PBXGroup;
			children = (
				803A1C3029BEAB3E007D92C5 /* Pre_SIgnIn */,
				8027026729EB14410070EE7A /* MainPage.swift */,
				8027026929EB4F1C0070EE7A /* expenses.swift */,
			);
			path = Pages;
			sourceTree = "<group>";
		};
		803A1C3029BEAB3E007D92C5 /* Pre_SIgnIn */ = {
			isa = PBXGroup;
			children = (
				803A1C3329BEABE6007D92C5 /* SignIn */,
				803A1C3229BEABDA007D92C5 /* SignUp */,
				803A1C3B29BEBFF1007D92C5 /* Beginning */,
			);
			path = Pre_SIgnIn;
			sourceTree = "<group>";
		};
		803A1C3229BEABDA007D92C5 /* SignUp */ = {
			isa = PBXGroup;
			children = (
				803A1C1F29BE9AF4007D92C5 /* signup.swift */,
				803A1C3829BEACA9007D92C5 /* Second Page */,
				803A1C3729BEAC77007D92C5 /* First Page */,
			);
			path = SignUp;
			sourceTree = "<group>";
		};
		803A1C3329BEABE6007D92C5 /* SignIn */ = {
			isa = PBXGroup;
			children = (
				803A1C2529BE9CFE007D92C5 /* SignInPage.swift */,
			);
			path = SignIn;
			sourceTree = "<group>";
		};
		803A1C3429BEABF3007D92C5 /* Globals */ = {
			isa = PBXGroup;
			children = (
				8073BB8229BABA3800B29710 /* globals.swift */,
			);
			path = Globals;
			sourceTree = "<group>";
		};
		803A1C3529BEAC42007D92C5 /* Inputs */ = {
			isa = PBXGroup;
			children = (
				803A1C2729BEA198007D92C5 /* FormInputField.swift */,
			);
			path = Inputs;
			sourceTree = "<group>";
		};
		803A1C3629BEAC49007D92C5 /* Buttons */ = {
			isa = PBXGroup;
			children = (
				803A1C2929BEA9C3007D92C5 /* GoToButton.swift */,
			);
			path = Buttons;
			sourceTree = "<group>";
		};
		803A1C3729BEAC77007D92C5 /* First Page */ = {
			isa = PBXGroup;
			children = (
				803A1C3C29BECCB3007D92C5 /* ValidateFields.swift */,
				803A1C2329BE9CC0007D92C5 /* SignUpFirst.swift */,
			);
			path = "First Page";
			sourceTree = "<group>";
		};
		803A1C3829BEACA9007D92C5 /* Second Page */ = {
			isa = PBXGroup;
			children = (
				803A1C3929BEACBF007D92C5 /* SignUpSecond.swift */,
				8082DE6A29E772A4004C6616 /* FinishSignUp.swift */,
			);
			path = "Second Page";
			sourceTree = "<group>";
		};
		803A1C3B29BEBFF1007D92C5 /* Beginning */ = {
			isa = PBXGroup;
			children = (
				803A1C1D29BE9784007D92C5 /* BeginningPage.swift */,
			);
			path = Beginning;
			sourceTree = "<group>";
		};
		803A1C3E29BFFE59007D92C5 /* Elements */ = {
			isa = PBXGroup;
			children = (
				803A1C3F29BFFE67007D92C5 /* FeatureCell.swift */,
			);
			path = Elements;
			sourceTree = "<group>";
		};
/* End PBXGroup section */

/* Begin PBXNativeTarget section */
		8017B72A29BAABBC0062AB66 /* pennyearned */ = {
			isa = PBXNativeTarget;
			buildConfigurationList = 8017B74F29BAABBD0062AB66 /* Build configuration list for PBXNativeTarget "pennyearned" */;
			buildPhases = (
				8017B72729BAABBC0062AB66 /* Sources */,
				8017B72829BAABBC0062AB66 /* Frameworks */,
				8017B72929BAABBC0062AB66 /* Resources */,
			);
			buildRules = (
			);
			dependencies = (
			);
			name = pennyearned;
			packageProductDependencies = (
				8027026529EB0A5F0070EE7A /* KeychainAccess */,
			);
			productName = pennyearned;
			productReference = 8017B72B29BAABBC0062AB66 /* pennyearned.app */;
			productType = "com.apple.product-type.application";
		};
		8017B73A29BAABBD0062AB66 /* pennyearnedTests */ = {
			isa = PBXNativeTarget;
			buildConfigurationList = 8017B75229BAABBD0062AB66 /* Build configuration list for PBXNativeTarget "pennyearnedTests" */;
			buildPhases = (
				8017B73729BAABBD0062AB66 /* Sources */,
				8017B73829BAABBD0062AB66 /* Frameworks */,
				8017B73929BAABBD0062AB66 /* Resources */,
			);
			buildRules = (
			);
			dependencies = (
				8017B73D29BAABBD0062AB66 /* PBXTargetDependency */,
			);
			name = pennyearnedTests;
			productName = pennyearnedTests;
			productReference = 8017B73B29BAABBD0062AB66 /* pennyearnedTests.xctest */;
			productType = "com.apple.product-type.bundle.unit-test";
		};
		8017B74429BAABBD0062AB66 /* pennyearnedUITests */ = {
			isa = PBXNativeTarget;
			buildConfigurationList = 8017B75529BAABBD0062AB66 /* Build configuration list for PBXNativeTarget "pennyearnedUITests" */;
			buildPhases = (
				8017B74129BAABBD0062AB66 /* Sources */,
				8017B74229BAABBD0062AB66 /* Frameworks */,
				8017B74329BAABBD0062AB66 /* Resources */,
			);
			buildRules = (
			);
			dependencies = (
				8017B74729BAABBD0062AB66 /* PBXTargetDependency */,
			);
			name = pennyearnedUITests;
			productName = pennyearnedUITests;
			productReference = 8017B74529BAABBD0062AB66 /* pennyearnedUITests.xctest */;
			productType = "com.apple.product-type.bundle.ui-testing";
		};
/* End PBXNativeTarget section */

/* Begin PBXProject section */
		8017B72329BAABBC0062AB66 /* Project object */ = {
			isa = PBXProject;
			attributes = {
				BuildIndependentTargetsInParallel = 1;
				LastSwiftUpdateCheck = 1410;
				LastUpgradeCheck = 1410;
				TargetAttributes = {
					8017B72A29BAABBC0062AB66 = {
						CreatedOnToolsVersion = 14.1;
					};
					8017B73A29BAABBD0062AB66 = {
						CreatedOnToolsVersion = 14.1;
						TestTargetID = 8017B72A29BAABBC0062AB66;
					};
					8017B74429BAABBD0062AB66 = {
						CreatedOnToolsVersion = 14.1;
						TestTargetID = 8017B72A29BAABBC0062AB66;
					};
				};
			};
			buildConfigurationList = 8017B72629BAABBC0062AB66 /* Build configuration list for PBXProject "pennyearned" */;
			compatibilityVersion = "Xcode 14.0";
			developmentRegion = en;
			hasScannedForEncodings = 0;
			knownRegions = (
				en,
				Base,
			);
			mainGroup = 8017B72229BAABBC0062AB66;
			packageReferences = (
				8027026429EB0A5F0070EE7A /* XCRemoteSwiftPackageReference "KeychainAccess" */,
			);
			productRefGroup = 8017B72C29BAABBC0062AB66 /* Products */;
			projectDirPath = "";
			projectRoot = "";
			targets = (
				8017B72A29BAABBC0062AB66 /* pennyearned */,
				8017B73A29BAABBD0062AB66 /* pennyearnedTests */,
				8017B74429BAABBD0062AB66 /* pennyearnedUITests */,
			);
		};
/* End PBXProject section */

/* Begin PBXResourcesBuildPhase section */
		8017B72929BAABBC0062AB66 /* Resources */ = {
			isa = PBXResourcesBuildPhase;
			buildActionMask = 2147483647;
			files = (
				807D978229ECA30B00CF077B /* Launch Screen.storyboard in Resources */,
				8017B73629BAABBD0062AB66 /* Preview Assets.xcassets in Resources */,
				8017B73329BAABBD0062AB66 /* Assets.xcassets in Resources */,
			);
			runOnlyForDeploymentPostprocessing = 0;
		};
		8017B73929BAABBD0062AB66 /* Resources */ = {
			isa = PBXResourcesBuildPhase;
			buildActionMask = 2147483647;
			files = (
			);
			runOnlyForDeploymentPostprocessing = 0;
		};
		8017B74329BAABBD0062AB66 /* Resources */ = {
			isa = PBXResourcesBuildPhase;
			buildActionMask = 2147483647;
			files = (
			);
			runOnlyForDeploymentPostprocessing = 0;
		};
/* End PBXResourcesBuildPhase section */

/* Begin PBXSourcesBuildPhase section */
		8017B72729BAABBC0062AB66 /* Sources */ = {
			isa = PBXSourcesBuildPhase;
			buildActionMask = 2147483647;
			files = (
				803A1C3D29BECCB3007D92C5 /* ValidateFields.swift in Sources */,
				803A1C2629BE9CFE007D92C5 /* SignInPage.swift in Sources */,
				803A1C2829BEA198007D92C5 /* FormInputField.swift in Sources */,
				803A1C4029BFFE67007D92C5 /* FeatureCell.swift in Sources */,
				8027026A29EB4F1C0070EE7A /* expenses.swift in Sources */,
				8073BB8329BABA3800B29710 /* globals.swift in Sources */,
				8082DE6B29E772A4004C6616 /* FinishSignUp.swift in Sources */,
				805016D829EB00BD005935D5 /* signin.swift in Sources */,
				8017B73129BAABBC0062AB66 /* ContentView.swift in Sources */,
				803A1C3A29BEACBF007D92C5 /* SignUpSecond.swift in Sources */,
				8017B72F29BAABBC0062AB66 /* pennyearnedApp.swift in Sources */,
				803A1C2029BE9AF4007D92C5 /* signup.swift in Sources */,
				8027026829EB14410070EE7A /* MainPage.swift in Sources */,
				803A1C2A29BEA9C3007D92C5 /* GoToButton.swift in Sources */,
				803A1C2429BE9CC0007D92C5 /* SignUpFirst.swift in Sources */,
				803A1C1E29BE9784007D92C5 /* BeginningPage.swift in Sources */,
			);
			runOnlyForDeploymentPostprocessing = 0;
		};
		8017B73729BAABBD0062AB66 /* Sources */ = {
			isa = PBXSourcesBuildPhase;
			buildActionMask = 2147483647;
			files = (
				8017B74029BAABBD0062AB66 /* pennyearnedTests.swift in Sources */,
			);
			runOnlyForDeploymentPostprocessing = 0;
		};
		8017B74129BAABBD0062AB66 /* Sources */ = {
			isa = PBXSourcesBuildPhase;
			buildActionMask = 2147483647;
			files = (
				8017B74C29BAABBD0062AB66 /* pennyearnedUITestsLaunchTests.swift in Sources */,
				8017B74A29BAABBD0062AB66 /* pennyearnedUITests.swift in Sources */,
			);
			runOnlyForDeploymentPostprocessing = 0;
		};
/* End PBXSourcesBuildPhase section */

/* Begin PBXTargetDependency section */
		8017B73D29BAABBD0062AB66 /* PBXTargetDependency */ = {
			isa = PBXTargetDependency;
			target = 8017B72A29BAABBC0062AB66 /* pennyearned */;
			targetProxy = 8017B73C29BAABBD0062AB66 /* PBXContainerItemProxy */;
		};
		8017B74729BAABBD0062AB66 /* PBXTargetDependency */ = {
			isa = PBXTargetDependency;
			target = 8017B72A29BAABBC0062AB66 /* pennyearned */;
			targetProxy = 8017B74629BAABBD0062AB66 /* PBXContainerItemProxy */;
		};
/* End PBXTargetDependency section */

/* Begin XCBuildConfiguration section */
		8017B74D29BAABBD0062AB66 /* Debug */ = {
			isa = XCBuildConfiguration;
			buildSettings = {
				ALWAYS_SEARCH_USER_PATHS = NO;
				CLANG_ANALYZER_NONNULL = YES;
				CLANG_ANALYZER_NUMBER_OBJECT_CONVERSION = YES_AGGRESSIVE;
				CLANG_CXX_LANGUAGE_STANDARD = "gnu++20";
				CLANG_ENABLE_MODULES = YES;
				CLANG_ENABLE_OBJC_ARC = YES;
				CLANG_ENABLE_OBJC_WEAK = YES;
				CLANG_WARN_BLOCK_CAPTURE_AUTORELEASING = YES;
				CLANG_WARN_BOOL_CONVERSION = YES;
				CLANG_WARN_COMMA = YES;
				CLANG_WARN_CONSTANT_CONVERSION = YES;
				CLANG_WARN_DEPRECATED_OBJC_IMPLEMENTATIONS = YES;
				CLANG_WARN_DIRECT_OBJC_ISA_USAGE = YES_ERROR;
				CLANG_WARN_DOCUMENTATION_COMMENTS = YES;
				CLANG_WARN_EMPTY_BODY = YES;
				CLANG_WARN_ENUM_CONVERSION = YES;
				CLANG_WARN_INFINITE_RECURSION = YES;
				CLANG_WARN_INT_CONVERSION = YES;
				CLANG_WARN_NON_LITERAL_NULL_CONVERSION = YES;
				CLANG_WARN_OBJC_IMPLICIT_RETAIN_SELF = YES;
				CLANG_WARN_OBJC_LITERAL_CONVERSION = YES;
				CLANG_WARN_OBJC_ROOT_CLASS = YES_ERROR;
				CLANG_WARN_QUOTED_INCLUDE_IN_FRAMEWORK_HEADER = YES;
				CLANG_WARN_RANGE_LOOP_ANALYSIS = YES;
				CLANG_WARN_STRICT_PROTOTYPES = YES;
				CLANG_WARN_SUSPICIOUS_MOVE = YES;
				CLANG_WARN_UNGUARDED_AVAILABILITY = YES_AGGRESSIVE;
				CLANG_WARN_UNREACHABLE_CODE = YES;
				CLANG_WARN__DUPLICATE_METHOD_MATCH = YES;
				COPY_PHASE_STRIP = NO;
				DEBUG_INFORMATION_FORMAT = dwarf;
				ENABLE_STRICT_OBJC_MSGSEND = YES;
				ENABLE_TESTABILITY = YES;
				GCC_C_LANGUAGE_STANDARD = gnu11;
				GCC_DYNAMIC_NO_PIC = NO;
				GCC_NO_COMMON_BLOCKS = YES;
				GCC_OPTIMIZATION_LEVEL = 0;
				GCC_PREPROCESSOR_DEFINITIONS = (
					"DEBUG=1",
					"$(inherited)",
				);
				GCC_WARN_64_TO_32_BIT_CONVERSION = YES;
				GCC_WARN_ABOUT_RETURN_TYPE = YES_ERROR;
				GCC_WARN_UNDECLARED_SELECTOR = YES;
				GCC_WARN_UNINITIALIZED_AUTOS = YES_AGGRESSIVE;
				GCC_WARN_UNUSED_FUNCTION = YES;
				GCC_WARN_UNUSED_VARIABLE = YES;
				IPHONEOS_DEPLOYMENT_TARGET = 16.1;
				MTL_ENABLE_DEBUG_INFO = INCLUDE_SOURCE;
				MTL_FAST_MATH = YES;
				ONLY_ACTIVE_ARCH = YES;
				SDKROOT = iphoneos;
				SWIFT_ACTIVE_COMPILATION_CONDITIONS = DEBUG;
				SWIFT_OPTIMIZATION_LEVEL = "-Onone";
			};
			name = Debug;
		};
		8017B74E29BAABBD0062AB66 /* Release */ = {
			isa = XCBuildConfiguration;
			buildSettings = {
				ALWAYS_SEARCH_USER_PATHS = NO;
				CLANG_ANALYZER_NONNULL = YES;
				CLANG_ANALYZER_NUMBER_OBJECT_CONVERSION = YES_AGGRESSIVE;
				CLANG_CXX_LANGUAGE_STANDARD = "gnu++20";
				CLANG_ENABLE_MODULES = YES;
				CLANG_ENABLE_OBJC_ARC = YES;
				CLANG_ENABLE_OBJC_WEAK = YES;
				CLANG_WARN_BLOCK_CAPTURE_AUTORELEASING = YES;
				CLANG_WARN_BOOL_CONVERSION = YES;
				CLANG_WARN_COMMA = YES;
				CLANG_WARN_CONSTANT_CONVERSION = YES;
				CLANG_WARN_DEPRECATED_OBJC_IMPLEMENTATIONS = YES;
				CLANG_WARN_DIRECT_OBJC_ISA_USAGE = YES_ERROR;
				CLANG_WARN_DOCUMENTATION_COMMENTS = YES;
				CLANG_WARN_EMPTY_BODY = YES;
				CLANG_WARN_ENUM_CONVERSION = YES;
				CLANG_WARN_INFINITE_RECURSION = YES;
				CLANG_WARN_INT_CONVERSION = YES;
				CLANG_WARN_NON_LITERAL_NULL_CONVERSION = YES;
				CLANG_WARN_OBJC_IMPLICIT_RETAIN_SELF = YES;
				CLANG_WARN_OBJC_LITERAL_CONVERSION = YES;
				CLANG_WARN_OBJC_ROOT_CLASS = YES_ERROR;
				CLANG_WARN_QUOTED_INCLUDE_IN_FRAMEWORK_HEADER = YES;
				CLANG_WARN_RANGE_LOOP_ANALYSIS = YES;
				CLANG_WARN_STRICT_PROTOTYPES = YES;
				CLANG_WARN_SUSPICIOUS_MOVE = YES;
				CLANG_WARN_UNGUARDED_AVAILABILITY = YES_AGGRESSIVE;
				CLANG_WARN_UNREACHABLE_CODE = YES;
				CLANG_WARN__DUPLICATE_METHOD_MATCH = YES;
				COPY_PHASE_STRIP = NO;
				DEBUG_INFORMATION_FORMAT = "dwarf-with-dsym";
				ENABLE_NS_ASSERTIONS = NO;
				ENABLE_STRICT_OBJC_MSGSEND = YES;
				GCC_C_LANGUAGE_STANDARD = gnu11;
				GCC_NO_COMMON_BLOCKS = YES;
				GCC_WARN_64_TO_32_BIT_CONVERSION = YES;
				GCC_WARN_ABOUT_RETURN_TYPE = YES_ERROR;
				GCC_WARN_UNDECLARED_SELECTOR = YES;
				GCC_WARN_UNINITIALIZED_AUTOS = YES_AGGRESSIVE;
				GCC_WARN_UNUSED_FUNCTION = YES;
				GCC_WARN_UNUSED_VARIABLE = YES;
				IPHONEOS_DEPLOYMENT_TARGET = 16.1;
				MTL_ENABLE_DEBUG_INFO = NO;
				MTL_FAST_MATH = YES;
				SDKROOT = iphoneos;
				SWIFT_COMPILATION_MODE = wholemodule;
				SWIFT_OPTIMIZATION_LEVEL = "-O";
				VALIDATE_PRODUCT = YES;
			};
			name = Release;
		};
		8017B75029BAABBD0062AB66 /* Debug */ = {
			isa = XCBuildConfiguration;
			buildSettings = {
				ASSETCATALOG_COMPILER_APPICON_NAME = AppIcon;
				ASSETCATALOG_COMPILER_GLOBAL_ACCENT_COLOR_NAME = AccentColor;
				CODE_SIGN_STYLE = Automatic;
				CURRENT_PROJECT_VERSION = 1;
				DEVELOPMENT_ASSET_PATHS = "\"pennyearned/Preview Content\"";
				DEVELOPMENT_TEAM = 44K4H49QS9;
				ENABLE_PREVIEWS = YES;
				GENERATE_INFOPLIST_FILE = YES;
				INFOPLIST_KEY_CFBundleDisplayName = Pennyearned;
				INFOPLIST_KEY_LSApplicationCategoryType = "public.app-category.finance";
				INFOPLIST_KEY_UIApplicationSceneManifest_Generation = YES;
				INFOPLIST_KEY_UIApplicationSupportsIndirectInputEvents = YES;
				INFOPLIST_KEY_UILaunchScreen_Generation = YES;
				INFOPLIST_KEY_UILaunchStoryboardName = "Launch Screen.storyboard";
				INFOPLIST_KEY_UISupportedInterfaceOrientations = UIInterfaceOrientationPortrait;
				INFOPLIST_KEY_UISupportedInterfaceOrientations_iPad = UIInterfaceOrientationLandscapeLeft;
				IPHONEOS_DEPLOYMENT_TARGET = 16.0;
				LD_RUNPATH_SEARCH_PATHS = (
					"$(inherited)",
					"@executable_path/Frameworks",
				);
				MARKETING_VERSION = 0.1.4;
				PRODUCT_BUNDLE_IDENTIFIER = com.vaibhavvenkat.pennyearned;
				PRODUCT_NAME = "$(TARGET_NAME)";
				SUPPORTED_PLATFORMS = "iphoneos iphonesimulator";
				SUPPORTS_MACCATALYST = NO;
				SUPPORTS_MAC_DESIGNED_FOR_IPHONE_IPAD = NO;
				SWIFT_EMIT_LOC_STRINGS = YES;
				SWIFT_VERSION = 5.0;
				TARGETED_DEVICE_FAMILY = 1;
			};
			name = Debug;
		};
		8017B75129BAABBD0062AB66 /* Release */ = {
			isa = XCBuildConfiguration;
			buildSettings = {
				ASSETCATALOG_COMPILER_APPICON_NAME = AppIcon;
				ASSETCATALOG_COMPILER_GLOBAL_ACCENT_COLOR_NAME = AccentColor;
				CODE_SIGN_STYLE = Automatic;
				CURRENT_PROJECT_VERSION = 1;
				DEVELOPMENT_ASSET_PATHS = "\"pennyearned/Preview Content\"";
				DEVELOPMENT_TEAM = 44K4H49QS9;
				ENABLE_PREVIEWS = YES;
				GENERATE_INFOPLIST_FILE = YES;
				INFOPLIST_KEY_CFBundleDisplayName = Pennyearned;
				INFOPLIST_KEY_LSApplicationCategoryType = "public.app-category.finance";
				INFOPLIST_KEY_UIApplicationSceneManifest_Generation = YES;
				INFOPLIST_KEY_UIApplicationSupportsIndirectInputEvents = YES;
				INFOPLIST_KEY_UILaunchScreen_Generation = YES;
				INFOPLIST_KEY_UILaunchStoryboardName = "Launch Screen.storyboard";
				INFOPLIST_KEY_UISupportedInterfaceOrientations = UIInterfaceOrientationPortrait;
				INFOPLIST_KEY_UISupportedInterfaceOrientations_iPad = UIInterfaceOrientationLandscapeLeft;
				IPHONEOS_DEPLOYMENT_TARGET = 16.0;
				LD_RUNPATH_SEARCH_PATHS = (
					"$(inherited)",
					"@executable_path/Frameworks",
				);
				MARKETING_VERSION = 0.1.4;
				PRODUCT_BUNDLE_IDENTIFIER = com.vaibhavvenkat.pennyearned;
				PRODUCT_NAME = "$(TARGET_NAME)";
				SUPPORTED_PLATFORMS = "iphoneos iphonesimulator";
				SUPPORTS_MACCATALYST = NO;
				SUPPORTS_MAC_DESIGNED_FOR_IPHONE_IPAD = NO;
				SWIFT_EMIT_LOC_STRINGS = YES;
				SWIFT_VERSION = 5.0;
				TARGETED_DEVICE_FAMILY = 1;
			};
			name = Release;
		};
		8017B75329BAABBD0062AB66 /* Debug */ = {
			isa = XCBuildConfiguration;
			buildSettings = {
				ALWAYS_EMBED_SWIFT_STANDARD_LIBRARIES = YES;
				BUNDLE_LOADER = "$(TEST_HOST)";
				CODE_SIGN_STYLE = Automatic;
				CURRENT_PROJECT_VERSION = 1;
				DEVELOPMENT_TEAM = 2B32ZV2D2J;
				GENERATE_INFOPLIST_FILE = YES;
				IPHONEOS_DEPLOYMENT_TARGET = 16.1;
				MARKETING_VERSION = 1.0;
				PRODUCT_BUNDLE_IDENTIFIER = com.vaibhav.pennyearnedTests;
				PRODUCT_NAME = "$(TARGET_NAME)";
				SWIFT_EMIT_LOC_STRINGS = NO;
				SWIFT_VERSION = 5.0;
				TARGETED_DEVICE_FAMILY = "1,2";
				TEST_HOST = "$(BUILT_PRODUCTS_DIR)/pennyearned.app/$(BUNDLE_EXECUTABLE_FOLDER_PATH)/pennyearned";
			};
			name = Debug;
		};
		8017B75429BAABBD0062AB66 /* Release */ = {
			isa = XCBuildConfiguration;
			buildSettings = {
				ALWAYS_EMBED_SWIFT_STANDARD_LIBRARIES = YES;
				BUNDLE_LOADER = "$(TEST_HOST)";
				CODE_SIGN_STYLE = Automatic;
				CURRENT_PROJECT_VERSION = 1;
				DEVELOPMENT_TEAM = 2B32ZV2D2J;
				GENERATE_INFOPLIST_FILE = YES;
				IPHONEOS_DEPLOYMENT_TARGET = 16.1;
				MARKETING_VERSION = 1.0;
				PRODUCT_BUNDLE_IDENTIFIER = com.vaibhav.pennyearnedTests;
				PRODUCT_NAME = "$(TARGET_NAME)";
				SWIFT_EMIT_LOC_STRINGS = NO;
				SWIFT_VERSION = 5.0;
				TARGETED_DEVICE_FAMILY = "1,2";
				TEST_HOST = "$(BUILT_PRODUCTS_DIR)/pennyearned.app/$(BUNDLE_EXECUTABLE_FOLDER_PATH)/pennyearned";
			};
			name = Release;
		};
		8017B75629BAABBD0062AB66 /* Debug */ = {
			isa = XCBuildConfiguration;
			buildSettings = {
				ALWAYS_EMBED_SWIFT_STANDARD_LIBRARIES = YES;
				CODE_SIGN_STYLE = Automatic;
				CURRENT_PROJECT_VERSION = 1;
				DEVELOPMENT_TEAM = 2B32ZV2D2J;
				GENERATE_INFOPLIST_FILE = YES;
				MARKETING_VERSION = 1.0;
				PRODUCT_BUNDLE_IDENTIFIER = com.vaibhav.pennyearnedUITests;
				PRODUCT_NAME = "$(TARGET_NAME)";
				SWIFT_EMIT_LOC_STRINGS = NO;
				SWIFT_VERSION = 5.0;
				TARGETED_DEVICE_FAMILY = "1,2";
				TEST_TARGET_NAME = pennyearned;
			};
			name = Debug;
		};
		8017B75729BAABBD0062AB66 /* Release */ = {
			isa = XCBuildConfiguration;
			buildSettings = {
				ALWAYS_EMBED_SWIFT_STANDARD_LIBRARIES = YES;
				CODE_SIGN_STYLE = Automatic;
				CURRENT_PROJECT_VERSION = 1;
				DEVELOPMENT_TEAM = 2B32ZV2D2J;
				GENERATE_INFOPLIST_FILE = YES;
				MARKETING_VERSION = 1.0;
				PRODUCT_BUNDLE_IDENTIFIER = com.vaibhav.pennyearnedUITests;
				PRODUCT_NAME = "$(TARGET_NAME)";
				SWIFT_EMIT_LOC_STRINGS = NO;
				SWIFT_VERSION = 5.0;
				TARGETED_DEVICE_FAMILY = "1,2";
				TEST_TARGET_NAME = pennyearned;
			};
			name = Release;
		};
/* End XCBuildConfiguration section */

/* Begin XCConfigurationList section */
		8017B72629BAABBC0062AB66 /* Build configuration list for PBXProject "pennyearned" */ = {
			isa = XCConfigurationList;
			buildConfigurations = (
				8017B74D29BAABBD0062AB66 /* Debug */,
				8017B74E29BAABBD0062AB66 /* Release */,
			);
			defaultConfigurationIsVisible = 0;
			defaultConfigurationName = Release;
		};
		8017B74F29BAABBD0062AB66 /* Build configuration list for PBXNativeTarget "pennyearned" */ = {
			isa = XCConfigurationList;
			buildConfigurations = (
				8017B75029BAABBD0062AB66 /* Debug */,
				8017B75129BAABBD0062AB66 /* Release */,
			);
			defaultConfigurationIsVisible = 0;
			defaultConfigurationName = Release;
		};
		8017B75229BAABBD0062AB66 /* Build configuration list for PBXNativeTarget "pennyearnedTests" */ = {
			isa = XCConfigurationList;
			buildConfigurations = (
				8017B75329BAABBD0062AB66 /* Debug */,
				8017B75429BAABBD0062AB66 /* Release */,
			);
			defaultConfigurationIsVisible = 0;
			defaultConfigurationName = Release;
		};
		8017B75529BAABBD0062AB66 /* Build configuration list for PBXNativeTarget "pennyearnedUITests" */ = {
			isa = XCConfigurationList;
			buildConfigurations = (
				8017B75629BAABBD0062AB66 /* Debug */,
				8017B75729BAABBD0062AB66 /* Release */,
			);
			defaultConfigurationIsVisible = 0;
			defaultConfigurationName = Release;
		};
/* End XCConfigurationList section */

/* Begin XCRemoteSwiftPackageReference section */
		8027026429EB0A5F0070EE7A /* XCRemoteSwiftPackageReference "KeychainAccess" */ = {
			isa = XCRemoteSwiftPackageReference;
			repositoryURL = "https://github.com/kishikawakatsumi/KeychainAccess.git";
			requirement = {
				branch = master;
				kind = branch;
			};
		};
/* End XCRemoteSwiftPackageReference section */

/* Begin XCSwiftPackageProductDependency section */
		8027026529EB0A5F0070EE7A /* KeychainAccess */ = {
			isa = XCSwiftPackageProductDependency;
			package = 8027026429EB0A5F0070EE7A /* XCRemoteSwiftPackageReference "KeychainAccess" */;
			productName = KeychainAccess;
		};
/* End XCSwiftPackageProductDependency section */
	};
	rootObject = 8017B72329BAABBC0062AB66 /* Project object */;
}
